
Microsoft Visual Studio Solution File, Format Version 12.00
# Visual Studio Version 16
VisualStudioVersion = 16.0.30104.148
MinimumVisualStudioVersion = 10.0.40219.1
Project("{FAE04EC0-301F-11D3-BF4B-00C04F79EFBC}") = "Creatures-of-Calden", "Creatures-of-Calden\Creatures-of-Calden.csproj", "{C107DB56-A407-4DC7-BC63-A3BA0D60FDA6}"
EndProject
Global
	GlobalSection(SolutionConfigurationPlatforms) = preSolution
		Debug|Any CPU = Debug|Any CPU
		Release|Any CPU = Release|Any CPU
	EndGlobalSection
	GlobalSection(ProjectConfigurationPlatforms) = postSolution
		{C107DB56-A407-4DC7-BC63-A3BA0D60FDA6}.Debug|Any CPU.ActiveCfg = Debug|Any CPU
		{C107DB56-A407-4DC7-BC63-A3BA0D60FDA6}.Debug|Any CPU.Build.0 = Debug|Any CPU
		{C107DB56-A407-4DC7-BC63-A3BA0D60FDA6}.Release|Any CPU.ActiveCfg = Release|Any CPU
		{C107DB56-A407-4DC7-BC63-A3BA0D60FDA6}.Release|Any CPU.Build.0 = Release|Any CPU
	EndGlobalSection
	GlobalSection(SolutionProperties) = preSolution
		HideSolutionNode = FALSE
	EndGlobalSection
	GlobalSection(ExtensibilityGlobals) = postSolution
		SolutionGuid = {8DFFEA0B-F201-43F1-95B3-858C9D4398EA}
	EndGlobalSection
EndGlobal
